
Microsoft Visual Studio Solution File, Format Version 10.00
# Visual Studio 2008
Project("{8BC9CEB8-8B4A-11D0-8D11-00A0C91BC942}") = "T02EYES", "T02EYES.vcproj", "{464956D8-0BA0-49D2-9E68-349255E667B6}"
EndProject
Global
	GlobalSection(SolutionConfigurationPlatforms) = preSolution
		Debug|Win32 = Debug|Win32
		Release|Win32 = Release|Win32
	EndGlobalSection
	GlobalSection(ProjectConfigurationPlatforms) = postSolution
		{464956D8-0BA0-49D2-9E68-349255E667B6}.Debug|Win32.ActiveCfg = Debug|Win32
		{464956D8-0BA0-49D2-9E68-349255E667B6}.Debug|Win32.Build.0 = Debug|Win32
		{464956D8-0BA0-49D2-9E68-349255E667B6}.Release|Win32.ActiveCfg = Release|Win32
		{464956D8-0BA0-49D2-9E68-349255E667B6}.Release|Win32.Build.0 = Release|Win32
	EndGlobalSection
	GlobalSection(SolutionProperties) = preSolution
		HideSolutionNode = FALSE
	EndGlobalSection
EndGlobal
